
Microsoft Visual Studio Solution File, Format Version 12.00
# Visual Studio 15
Project("{FAE04EC0-301F-11D3-BF4B-00C04F79EFBC}") = "Assembly-CSharp", "Assembly-CSharp.csproj", "{926963D4-B99C-E93B-3516-B74ADFD5D50A}"
EndProject
Global
	GlobalSection(SolutionConfigurationPlatforms) = preSolution
		Debug|Any CPU = Debug|Any CPU
		Release|Any CPU = Release|Any CPU
	EndGlobalSection
	GlobalSection(ProjectConfigurationPlatforms) = postSolution
		{926963D4-B99C-E93B-3516-B74ADFD5D50A}.Debug|Any CPU.ActiveCfg = Debug|Any CPU
		{926963D4-B99C-E93B-3516-B74ADFD5D50A}.Debug|Any CPU.Build.0 = Debug|Any CPU
		{926963D4-B99C-E93B-3516-B74ADFD5D50A}.Release|Any CPU.ActiveCfg = Release|Any CPU
		{926963D4-B99C-E93B-3516-B74ADFD5D50A}.Release|Any CPU.Build.0 = Release|Any CPU
	EndGlobalSection
	GlobalSection(SolutionProperties) = preSolution
		HideSolutionNode = FALSE
	EndGlobalSection
EndGlobal
